
Microsoft Visual Studio Solution File, Format Version 12.00
# Visual Studio Version 16
VisualStudioVersion = 16.0.30309.148
MinimumVisualStudioVersion = 10.0.40219.1
Project("{FAE04EC0-301F-11D3-BF4B-00C04F79EFBC}") = "TimeZoneConverter", "TimeZoneConverter.csproj", "{159018FC-064C-4EFB-AA38-FA0373B5A913}"
EndProject
Project("{FAE04EC0-301F-11D3-BF4B-00C04F79EFBC}") = "TimeZoneConverter.tests", "..\TimeZoneConverter.tests\TimeZoneConverter.tests.csproj", "{88036E3E-AF7A-451C-AE73-BA208271682B}"
EndProject
Global
	GlobalSection(SolutionConfigurationPlatforms) = preSolution
		Debug|Any CPU = Debug|Any CPU
		Release|Any CPU = Release|Any CPU
	EndGlobalSection
	GlobalSection(ProjectConfigurationPlatforms) = postSolution
		{159018FC-064C-4EFB-AA38-FA0373B5A913}.Debug|Any CPU.ActiveCfg = Debug|Any CPU
		{159018FC-064C-4EFB-AA38-FA0373B5A913}.Debug|Any CPU.Build.0 = Debug|Any CPU
		{159018FC-064C-4EFB-AA38-FA0373B5A913}.Release|Any CPU.ActiveCfg = Release|Any CPU
		{159018FC-064C-4EFB-AA38-FA0373B5A913}.Release|Any CPU.Build.0 = Release|Any CPU
		{88036E3E-AF7A-451C-AE73-BA208271682B}.Debug|Any CPU.ActiveCfg = Debug|Any CPU
		{88036E3E-AF7A-451C-AE73-BA208271682B}.Debug|Any CPU.Build.0 = Debug|Any CPU
		{88036E3E-AF7A-451C-AE73-BA208271682B}.Release|Any CPU.ActiveCfg = Release|Any CPU
		{88036E3E-AF7A-451C-AE73-BA208271682B}.Release|Any CPU.Build.0 = Release|Any CPU
	EndGlobalSection
	GlobalSection(SolutionProperties) = preSolution
		HideSolutionNode = FALSE
	EndGlobalSection
	GlobalSection(ExtensibilityGlobals) = postSolution
		SolutionGuid = {7511B09D-E614-478E-87E2-822676FD6497}
	EndGlobalSection
EndGlobal
